
Microsoft Visual Studio Solution File, Format Version 12.00
# Visual Studio Version 17
VisualStudioVersion = 17.8.34330.188
MinimumVisualStudioVersion = 10.0.40219.1
Project("{FAE04EC0-301F-11D3-BF4B-00C04F79EFBC}") = "ASPNETMVCCRUD", "ASPNETMVCCRUD\ASPNETMVCCRUD.csproj", "{1073627E-237A-428A-8291-C8F252EF9167}"
EndProject
Global
	GlobalSection(SolutionConfigurationPlatforms) = preSolution
		Debug|Any CPU = Debug|Any CPU
		Release|Any CPU = Release|Any CPU
	EndGlobalSection
	GlobalSection(ProjectConfigurationPlatforms) = postSolution
		{1073627E-237A-428A-8291-C8F252EF9167}.Debug|Any CPU.ActiveCfg = Debug|Any CPU
		{1073627E-237A-428A-8291-C8F252EF9167}.Debug|Any CPU.Build.0 = Debug|Any CPU
		{1073627E-237A-428A-8291-C8F252EF9167}.Release|Any CPU.ActiveCfg = Release|Any CPU
		{1073627E-237A-428A-8291-C8F252EF9167}.Release|Any CPU.Build.0 = Release|Any CPU
	EndGlobalSection
	GlobalSection(SolutionProperties) = preSolution
		HideSolutionNode = FALSE
	EndGlobalSection
	GlobalSection(ExtensibilityGlobals) = postSolution
		SolutionGuid = {75F8FA18-63F2-43EF-B9ED-55F6C34BFD72}
	EndGlobalSection
EndGlobal
